
Microsoft Visual Studio Solution File, Format Version 12.00
# Visual Studio Express 2012 for Web
Project("{FAE04EC0-301F-11D3-BF4B-00C04F79EFBC}") = "BrewHow", "BrewHow\BrewHow.csproj", "{1F5E0DF9-2904-404B-A6D5-797FF5648FDC}"
EndProject
Global
	GlobalSection(SolutionConfigurationPlatforms) = preSolution
		Debug|Any CPU = Debug|Any CPU
		Release|Any CPU = Release|Any CPU
	EndGlobalSection
	GlobalSection(ProjectConfigurationPlatforms) = postSolution
		{1F5E0DF9-2904-404B-A6D5-797FF5648FDC}.Debug|Any CPU.ActiveCfg = Debug|Any CPU
		{1F5E0DF9-2904-404B-A6D5-797FF5648FDC}.Debug|Any CPU.Build.0 = Debug|Any CPU
		{1F5E0DF9-2904-404B-A6D5-797FF5648FDC}.Release|Any CPU.ActiveCfg = Release|Any CPU
		{1F5E0DF9-2904-404B-A6D5-797FF5648FDC}.Release|Any CPU.Build.0 = Release|Any CPU
	EndGlobalSection
	GlobalSection(SolutionProperties) = preSolution
		HideSolutionNode = FALSE
	EndGlobalSection
EndGlobal
